
Microsoft Visual Studio Solution File, Format Version 12.00
# Visual Studio Version 16
VisualStudioVersion = 16.0.30011.22
MinimumVisualStudioVersion = 10.0.40219.1
Project("{9A19103F-16F7-4668-BE54-9A1E7A4F7556}") = "tictactoe", "tictactoe.csproj", "{881E26FE-3D49-4000-AE17-B0F5B5DED475}"
EndProject
Project("{FAE04EC0-301F-11D3-BF4B-00C04F79EFBC}") = "tictactoe_tests", "..\tictactoe_tests\tictactoe_tests.csproj", "{9343943A-74BC-4ABF-9436-9E1E223F8485}"
EndProject
Global
	GlobalSection(SolutionConfigurationPlatforms) = preSolution
		Debug|Any CPU = Debug|Any CPU
		Release|Any CPU = Release|Any CPU
	EndGlobalSection
	GlobalSection(ProjectConfigurationPlatforms) = postSolution
		{881E26FE-3D49-4000-AE17-B0F5B5DED475}.Debug|Any CPU.ActiveCfg = Debug|Any CPU
		{881E26FE-3D49-4000-AE17-B0F5B5DED475}.Debug|Any CPU.Build.0 = Debug|Any CPU
		{881E26FE-3D49-4000-AE17-B0F5B5DED475}.Release|Any CPU.ActiveCfg = Release|Any CPU
		{881E26FE-3D49-4000-AE17-B0F5B5DED475}.Release|Any CPU.Build.0 = Release|Any CPU
		{9343943A-74BC-4ABF-9436-9E1E223F8485}.Debug|Any CPU.ActiveCfg = Debug|Any CPU
		{9343943A-74BC-4ABF-9436-9E1E223F8485}.Debug|Any CPU.Build.0 = Debug|Any CPU
		{9343943A-74BC-4ABF-9436-9E1E223F8485}.Release|Any CPU.ActiveCfg = Release|Any CPU
		{9343943A-74BC-4ABF-9436-9E1E223F8485}.Release|Any CPU.Build.0 = Release|Any CPU
	EndGlobalSection
	GlobalSection(SolutionProperties) = preSolution
		HideSolutionNode = FALSE
	EndGlobalSection
	GlobalSection(ExtensibilityGlobals) = postSolution
		SolutionGuid = {D4875B1E-9D5E-4D9F-8F88-035B89033486}
	EndGlobalSection
EndGlobal
